# This file is autogenerated, do not edit; changes may be undone by the next 'dep ensure'.


[[projects]]
  branch = "master"
  name = "github.com/docopt/docopt-go"
  packages = ["."]
  revision = "ee0de3bc6815ee19d4a46c7eb90f829db0e014b1"

[solve-meta]
  analyzer-name = "dep"
  analyzer-version = 1
  inputs-digest = "8a2f12d105c00436f6f7e01b77c8df5446a2bdeb2bc147d037dc6d8d5b65fed5"
  solver-name = "gps-cdcl"
  solver-version = 1
