# This file is autogenerated, do not edit; changes may be undone by the next 'dep ensure'.


[[projects]]
  branch = "master"
  name = "github.com/AndreasBriese/bbloom"
  packages = ["."]
  revision = "343706a395b76e5ca5c7dca46a5d937b48febc74"

[[projects]]
  branch = "master"
  name = "github.com/dgraph-io/badger"
  packages = [".","options","pb","skl","table","y"]
  revision = "5d71fbc20fc5a2e77e7709274d76deeb9fa7fc35"

[[projects]]
  branch = "master"
  name = "github.com/dgraph-io/dgo"
  packages = [".","protos/api","y"]
  revision = "a97eb8186a3aad431ad42af9d8128945c7d69ceb"

[[projects]]
  branch = "master"
  name = "github.com/dgryski/go-farm"
  packages = ["."]
  revision = "3adb47b1fb0f6d9efcc5051a6c62e2e413ac85a9"

[[projects]]
  branch = "master"
  name = "github.com/docopt/docopt-go"
  packages = ["."]
  revision = "ee0de3bc6815ee19d4a46c7eb90f829db0e014b1"

[[projects]]
  name = "github.com/dustin/go-humanize"
  packages = ["."]
  revision = "9f541cc9db5d55bce703bd99987c9d5cb8eea45e"
  version = "v1.0.0"

[[projects]]
  name = "github.com/golang/protobuf"
  packages = ["proto","ptypes","ptypes/any","ptypes/duration","ptypes/timestamp"]
  revision = "aa810b61a9c79d51363740d207bb46cf8e620ed5"
  version = "v1.2.0"

[[projects]]
  name = "github.com/pkg/errors"
  packages = ["."]
  revision = "ba968bfe8b2f7e042a574c888954fccecfa385b4"
  version = "v0.8.1"

[[projects]]
  branch = "master"
  name = "golang.org/x/net"
  packages = ["context","http/httpguts","http2","http2/hpack","idna","internal/timeseries","trace"]
  revision = "d26f9f9a57f3fab6a695bec0d84433c2c50f8bbf"

[[projects]]
  branch = "master"
  name = "golang.org/x/sys"
  packages = ["unix"]
  revision = "aca44879d5644da7c5b8ec6a1115e9b6ea6c40d9"

[[projects]]
  name = "golang.org/x/text"
  packages = ["collate","collate/build","internal/colltab","internal/gen","internal/tag","internal/triegen","internal/ucd","language","secure/bidirule","transform","unicode/bidi","unicode/cldr","unicode/norm","unicode/rangetable"]
  revision = "f21a4dfb5e38f5895301dc265a8def02365cc3d0"
  version = "v0.3.0"

[[projects]]
  branch = "master"
  name = "google.golang.org/genproto"
  packages = ["googleapis/rpc/status"]
  revision = "8ac453e89fca495c0d17f98932642f392e2a11f3"

[[projects]]
  name = "google.golang.org/grpc"
  packages = [".","balancer","balancer/base","balancer/roundrobin","binarylog/grpc_binarylog_v1","codes","connectivity","credentials","credentials/internal","encoding","encoding/proto","grpclog","internal","internal/backoff","internal/binarylog","internal/channelz","internal/envconfig","internal/grpcrand","internal/grpcsync","internal/syscall","internal/transport","keepalive","metadata","naming","peer","resolver","resolver/dns","resolver/passthrough","stats","status","tap"]
  revision = "a02b0774206b209466313a0b525d2c738fe407eb"
  version = "v1.18.0"

[solve-meta]
  analyzer-name = "dep"
  analyzer-version = 1
  inputs-digest = "51fde8de2b5e755408224cf95d2fa82e6cd724acc31d924bcd7160249013a8f9"
  solver-name = "gps-cdcl"
  solver-version = 1
